
Microsoft Visual Studio Solution File, Format Version 12.00
# Visual Studio Version 16
VisualStudioVersion = 16.0.31019.35
MinimumVisualStudioVersion = 10.0.40219.1
Project("{9A19103F-16F7-4668-BE54-9A1E7A4F7556}") = "BookListRazor", "BookListRazor\BookListRazor.csproj", "{DC2DA377-8290-4CF8-A4BB-5ABF5B7FE1CC}"
EndProject
Global
	GlobalSection(SolutionConfigurationPlatforms) = preSolution
		Debug|Any CPU = Debug|Any CPU
		Release|Any CPU = Release|Any CPU
	EndGlobalSection
	GlobalSection(ProjectConfigurationPlatforms) = postSolution
		{DC2DA377-8290-4CF8-A4BB-5ABF5B7FE1CC}.Debug|Any CPU.ActiveCfg = Debug|Any CPU
		{DC2DA377-8290-4CF8-A4BB-5ABF5B7FE1CC}.Debug|Any CPU.Build.0 = Debug|Any CPU
		{DC2DA377-8290-4CF8-A4BB-5ABF5B7FE1CC}.Release|Any CPU.ActiveCfg = Release|Any CPU
		{DC2DA377-8290-4CF8-A4BB-5ABF5B7FE1CC}.Release|Any CPU.Build.0 = Release|Any CPU
	EndGlobalSection
	GlobalSection(SolutionProperties) = preSolution
		HideSolutionNode = FALSE
	EndGlobalSection
	GlobalSection(ExtensibilityGlobals) = postSolution
		SolutionGuid = {F43F9653-BEE3-4CBD-82A8-D21E1BA738D6}
	EndGlobalSection
EndGlobal
